
Microsoft Visual Studio Solution File, Format Version 12.00
# Visual Studio Version 17
VisualStudioVersion = 17.5.002.0
MinimumVisualStudioVersion = 10.0.40219.1
Project("{9A19103F-16F7-4668-BE54-9A1E7A4F7556}") = "exe007", "exe007.csproj", "{1E45E5EB-2A38-46A0-86EC-092D5ADDBD04}"
EndProject
Global
	GlobalSection(SolutionConfigurationPlatforms) = preSolution
		Debug|Any CPU = Debug|Any CPU
		Release|Any CPU = Release|Any CPU
	EndGlobalSection
	GlobalSection(ProjectConfigurationPlatforms) = postSolution
		{1E45E5EB-2A38-46A0-86EC-092D5ADDBD04}.Debug|Any CPU.ActiveCfg = Debug|Any CPU
		{1E45E5EB-2A38-46A0-86EC-092D5ADDBD04}.Debug|Any CPU.Build.0 = Debug|Any CPU
		{1E45E5EB-2A38-46A0-86EC-092D5ADDBD04}.Release|Any CPU.ActiveCfg = Release|Any CPU
		{1E45E5EB-2A38-46A0-86EC-092D5ADDBD04}.Release|Any CPU.Build.0 = Release|Any CPU
	EndGlobalSection
	GlobalSection(SolutionProperties) = preSolution
		HideSolutionNode = FALSE
	EndGlobalSection
	GlobalSection(ExtensibilityGlobals) = postSolution
		SolutionGuid = {D88D1CEE-78AA-4388-8295-42948FFDF440}
	EndGlobalSection
EndGlobal
