
Microsoft Visual Studio Solution File, Format Version 12.00
# Visual Studio Version 17
VisualStudioVersion = 17.5.002.0
MinimumVisualStudioVersion = 10.0.40219.1
Project("{9A19103F-16F7-4668-BE54-9A1E7A4F7556}") = "exe005", "exe005.csproj", "{F0DC92BA-4683-42DB-AF82-346D780D1944}"
EndProject
Global
	GlobalSection(SolutionConfigurationPlatforms) = preSolution
		Debug|Any CPU = Debug|Any CPU
		Release|Any CPU = Release|Any CPU
	EndGlobalSection
	GlobalSection(ProjectConfigurationPlatforms) = postSolution
		{F0DC92BA-4683-42DB-AF82-346D780D1944}.Debug|Any CPU.ActiveCfg = Debug|Any CPU
		{F0DC92BA-4683-42DB-AF82-346D780D1944}.Debug|Any CPU.Build.0 = Debug|Any CPU
		{F0DC92BA-4683-42DB-AF82-346D780D1944}.Release|Any CPU.ActiveCfg = Release|Any CPU
		{F0DC92BA-4683-42DB-AF82-346D780D1944}.Release|Any CPU.Build.0 = Release|Any CPU
	EndGlobalSection
	GlobalSection(SolutionProperties) = preSolution
		HideSolutionNode = FALSE
	EndGlobalSection
	GlobalSection(ExtensibilityGlobals) = postSolution
		SolutionGuid = {FC7493B3-FE42-4D04-9922-B4DF634AEF30}
	EndGlobalSection
EndGlobal
