
Microsoft Visual Studio Solution File, Format Version 12.00
# Visual Studio Version 17
VisualStudioVersion = 17.5.002.0
MinimumVisualStudioVersion = 10.0.40219.1
Project("{9A19103F-16F7-4668-BE54-9A1E7A4F7556}") = "exe002", "exe002.csproj", "{1D619629-3FCE-4980-9948-3053E911F434}"
EndProject
Global
	GlobalSection(SolutionConfigurationPlatforms) = preSolution
		Debug|Any CPU = Debug|Any CPU
		Release|Any CPU = Release|Any CPU
	EndGlobalSection
	GlobalSection(ProjectConfigurationPlatforms) = postSolution
		{1D619629-3FCE-4980-9948-3053E911F434}.Debug|Any CPU.ActiveCfg = Debug|Any CPU
		{1D619629-3FCE-4980-9948-3053E911F434}.Debug|Any CPU.Build.0 = Debug|Any CPU
		{1D619629-3FCE-4980-9948-3053E911F434}.Release|Any CPU.ActiveCfg = Release|Any CPU
		{1D619629-3FCE-4980-9948-3053E911F434}.Release|Any CPU.Build.0 = Release|Any CPU
	EndGlobalSection
	GlobalSection(SolutionProperties) = preSolution
		HideSolutionNode = FALSE
	EndGlobalSection
	GlobalSection(ExtensibilityGlobals) = postSolution
		SolutionGuid = {BE049A70-8A21-45AB-9B3F-9559BB3DA3FC}
	EndGlobalSection
EndGlobal
